
Microsoft Visual Studio Solution File, Format Version 12.00
# Visual Studio 14
VisualStudioVersion = 14.0.25420.1
MinimumVisualStudioVersion = 10.0.40219.1
Project("{FAE04EC0-301F-11D3-BF4B-00C04F79EFBC}") = "CommandAndQuery", "CommandAndQuery\CommandAndQuery.csproj", "{C8C4D346-F630-42C9-8E43-E53620FCD413}"
EndProject
Project("{FAE04EC0-301F-11D3-BF4B-00C04F79EFBC}") = "CommandAndQuery.Tests", "CommandAndQuery.Tests\CommandAndQuery.Tests.csproj", "{AEAAFC81-1C21-485A-B929-C36A0A6FAB01}"
EndProject
Global
	GlobalSection(SolutionConfigurationPlatforms) = preSolution
		Debug|Any CPU = Debug|Any CPU
		Release|Any CPU = Release|Any CPU
	EndGlobalSection
	GlobalSection(ProjectConfigurationPlatforms) = postSolution
		{C8C4D346-F630-42C9-8E43-E53620FCD413}.Debug|Any CPU.ActiveCfg = Debug|Any CPU
		{C8C4D346-F630-42C9-8E43-E53620FCD413}.Debug|Any CPU.Build.0 = Debug|Any CPU
		{C8C4D346-F630-42C9-8E43-E53620FCD413}.Release|Any CPU.ActiveCfg = Release|Any CPU
		{C8C4D346-F630-42C9-8E43-E53620FCD413}.Release|Any CPU.Build.0 = Release|Any CPU
		{AEAAFC81-1C21-485A-B929-C36A0A6FAB01}.Debug|Any CPU.ActiveCfg = Debug|Any CPU
		{AEAAFC81-1C21-485A-B929-C36A0A6FAB01}.Debug|Any CPU.Build.0 = Debug|Any CPU
		{AEAAFC81-1C21-485A-B929-C36A0A6FAB01}.Release|Any CPU.ActiveCfg = Release|Any CPU
		{AEAAFC81-1C21-485A-B929-C36A0A6FAB01}.Release|Any CPU.Build.0 = Release|Any CPU
	EndGlobalSection
	GlobalSection(SolutionProperties) = preSolution
		HideSolutionNode = FALSE
	EndGlobalSection
EndGlobal
